
Microsoft Visual Studio Solution File, Format Version 12.00
# Visual Studio 15
VisualStudioVersion = 15.0.27703.2042
MinimumVisualStudioVersion = 10.0.40219.1
Project("{9092AA53-FB77-4645-B42D-1CCCA6BD08BD}") = "HelloWorldVstsExtension", "HelloWorldVstsExtension.njsproj", "{111B48E6-D573-47B5-B20B-C88FBD21A08C}"
EndProject
Global
	GlobalSection(SolutionConfigurationPlatforms) = preSolution
		Debug|Any CPU = Debug|Any CPU
		Release|Any CPU = Release|Any CPU
	EndGlobalSection
	GlobalSection(ProjectConfigurationPlatforms) = postSolution
		{111B48E6-D573-47B5-B20B-C88FBD21A08C}.Debug|Any CPU.ActiveCfg = Debug|Any CPU
		{111B48E6-D573-47B5-B20B-C88FBD21A08C}.Debug|Any CPU.Build.0 = Debug|Any CPU
		{111B48E6-D573-47B5-B20B-C88FBD21A08C}.Release|Any CPU.ActiveCfg = Release|Any CPU
		{111B48E6-D573-47B5-B20B-C88FBD21A08C}.Release|Any CPU.Build.0 = Release|Any CPU
	EndGlobalSection
	GlobalSection(SolutionProperties) = preSolution
		HideSolutionNode = FALSE
	EndGlobalSection
	GlobalSection(ExtensibilityGlobals) = postSolution
		SolutionGuid = {203CE0FA-ABFF-490E-AD73-5DE053D661F1}
	EndGlobalSection
EndGlobal
